// !$*UTF8*$!
{
	archiveVersion = 1;
	classes = {
	};
	objectVersion = 46;
	objects = {

/* Begin PBXBuildFile section */
		07C895FC1ED6754000783E07 /* main.m in Sources */ = {isa = PBXBuildFile; fileRef = 07C895FB1ED6754000783E07 /* main.m */; };
		07C895FF1ED6754000783E07 /* AppDelegate.m in Sources */ = {isa = PBXBuildFile; fileRef = 07C895FE1ED6754000783E07 /* AppDelegate.m */; };
		07C896021ED6754000783E07 /* ViewController.m in Sources */ = {isa = PBXBuildFile; fileRef = 07C896011ED6754000783E07 /* ViewController.m */; };
		07C896051ED6754000783E07 /* Main.storyboard in Resources */ = {isa = PBXBuildFile; fileRef = 07C896031ED6754000783E07 /* Main.storyboard */; };
		07C896071ED6754000783E07 /* Images.xcassets in Resources */ = {isa = PBXBuildFile; fileRef = 07C896061ED6754000783E07 /* Images.xcassets */; };
		07C896131ED6754000783E07 /* lunbotuTests.m in Sources */ = {isa = PBXBuildFile; fileRef = 07C896121ED6754000783E07 /* lunbotuTests.m */; };
/* End PBXBuildFile section */

/* Begin PBXContainerItemProxy section */
		07C8960D1ED6754000783E07 /* PBXContainerItemProxy */ = {
			isa = PBXContainerItemProxy;
			containerPortal = 07C895EE1ED6754000783E07 /* Project object */;
			proxyType = 1;
			remoteGlobalIDString = 07C895F51ED6754000783E07;
			remoteInfo = lunbotu;
		};
		07C8961C1ED6754800783E07 /* PBXContainerItemProxy */ = {
			isa = PBXContainerItemProxy;
			containerPortal = 07C895EE1ED6754000783E07 /* Project object */;
			proxyType = 1;
			remoteGlobalIDString = 07C895F51ED6754000783E07;
			remoteInfo = lunbotu;
		};
/* End PBXContainerItemProxy section */

/* Begin PBXFileReference section */
		07C895F61ED6754000783E07 /* lunbotu.app */ = {isa = PBXFileReference; explicitFileType = wrapper.application; includeInIndex = 0; path = lunbotu.app; sourceTree = BUILT_PRODUCTS_DIR; };
		07C895FA1ED6754000783E07 /* Info.plist */ = {isa = PBXFileReference; lastKnownFileType = text.plist.xml; path = Info.plist; sourceTree = "<group>"; };
		07C895FB1ED6754000783E07 /* main.m */ = {isa = PBXFileReference; lastKnownFileType = sourcecode.c.objc; path = main.m; sourceTree = "<group>"; };
		07C895FD1ED6754000783E07 /* AppDelegate.h */ = {isa = PBXFileReference; lastKnownFileType = sourcecode.c.h; path = AppDelegate.h; sourceTree = "<group>"; };
		07C895FE1ED6754000783E07 /* AppDelegate.m */ = {isa = PBXFileReference; lastKnownFileType = sourcecode.c.objc; path = AppDelegate.m; sourceTree = "<group>"; };
		07C896001ED6754000783E07 /* ViewController.h */ = {isa = PBXFileReference; lastKnownFileType = sourcecode.c.h; path = ViewController.h; sourceTree = "<group>"; };
		07C896011ED6754000783E07 /* ViewController.m */ = {isa = PBXFileReference; lastKnownFileType = sourcecode.c.objc; path = ViewController.m; sourceTree = "<group>"; };
		07C896041ED6754000783E07 /* Base */ = {isa = PBXFileReference; lastKnownFileType = file.storyboard; name = Base; path = Base.lproj/Main.storyboard; sourceTree = "<group>"; };
		07C896061ED6754000783E07 /* Images.xcassets */ = {isa = PBXFileReference; lastKnownFileType = folder.assetcatalog; path = Images.xcassets; sourceTree = "<group>"; };
		07C8960C1ED6754000783E07 /* lunbotuTests.xctest */ = {isa = PBXFileReference; explicitFileType = wrapper.cfbundle; includeInIndex = 0; path = lunbotuTests.xctest; sourceTree = BUILT_PRODUCTS_DIR; };
		07C896111ED6754000783E07 /* Info.plist */ = {isa = PBXFileReference; lastKnownFileType = text.plist.xml; path = Info.plist; sourceTree = "<group>"; };
		07C896121ED6754000783E07 /* lunbotuTests.m */ = {isa = PBXFileReference; lastKnownFileType = sourcecode.c.objc; path = lunbotuTests.m; sourceTree = "<group>"; };
/* End PBXFileReference section */

/* Begin PBXFrameworksBuildPhase section */
		07C895F31ED6754000783E07 /* Frameworks */ = {
			isa = PBXFrameworksBuildPhase;
			buildActionMask = 2147483647;
			files = (
			);
			runOnlyForDeploymentPostprocessing = 0;
		};
		07C896091ED6754000783E07 /* Frameworks */ = {
			isa = PBXFrameworksBuildPhase;
			buildActionMask = 2147483647;
			files = (
			);
			runOnlyForDeploymentPostprocessing = 0;
		};
/* End PBXFrameworksBuildPhase section */

/* Begin PBXGroup section */
		07C895ED1ED6754000783E07 = {
			isa = PBXGroup;
			children = (
				07C895F81ED6754000783E07 /* lunbotu */,
				07C8960F1ED6754000783E07 /* lunbotuTests */,
				07C895F71ED6754000783E07 /* Products */,
			);
			sourceTree = "<group>";
		};
		07C895F71ED6754000783E07 /* Products */ = {
			isa = PBXGroup;
			children = (
				07C895F61ED6754000783E07 /* lunbotu.app */,
				07C8960C1ED6754000783E07 /* lunbotuTests.xctest */,
			);
			name = Products;
			sourceTree = "<group>";
		};
		07C895F81ED6754000783E07 /* lunbotu */ = {
			isa = PBXGroup;
			children = (
				07C895FD1ED6754000783E07 /* AppDelegate.h */,
				07C895FE1ED6754000783E07 /* AppDelegate.m */,
				07C896001ED6754000783E07 /* ViewController.h */,
				07C896011ED6754000783E07 /* ViewController.m */,
				07C896031ED6754000783E07 /* Main.storyboard */,
				07C896061ED6754000783E07 /* Images.xcassets */,
				07C895F91ED6754000783E07 /* Supporting Files */,
			);
			path = lunbotu;
			sourceTree = "<group>";
		};
		07C895F91ED6754000783E07 /* Supporting Files */ = {
			isa = PBXGroup;
			children = (
				07C895FA1ED6754000783E07 /* Info.plist */,
				07C895FB1ED6754000783E07 /* main.m */,
			);
			name = "Supporting Files";
			sourceTree = "<group>";
		};
		07C8960F1ED6754000783E07 /* lunbotuTests */ = {
			isa = PBXGroup;
			children = (
				07C896121ED6754000783E07 /* lunbotuTests.m */,
				07C896101ED6754000783E07 /* Supporting Files */,
			);
			path = lunbotuTests;
			sourceTree = "<group>";
		};
		07C896101ED6754000783E07 /* Supporting Files */ = {
			isa = PBXGroup;
			children = (
				07C896111ED6754000783E07 /* Info.plist */,
			);
			name = "Supporting Files";
			sourceTree = "<group>";
		};
/* End PBXGroup section */

/* Begin PBXNativeTarget section */
		07C895F51ED6754000783E07 /* lunbotu */ = {
			isa = PBXNativeTarget;
			buildConfigurationList = 07C896161ED6754000783E07 /* Build configuration list for PBXNativeTarget "lunbotu" */;
			buildPhases = (
				07C895F21ED6754000783E07 /* Sources */,
				07C895F31ED6754000783E07 /* Frameworks */,
				07C895F41ED6754000783E07 /* Resources */,
			);
			buildRules = (
			);
			dependencies = (
			);
			name = lunbotu;
			productName = lunbotu;
			productReference = 07C895F61ED6754000783E07 /* lunbotu.app */;
			productType = "com.apple.product-type.application";
		};
		07C8960B1ED6754000783E07 /* lunbotuTests */ = {
			isa = PBXNativeTarget;
			buildConfigurationList = 07C896191ED6754000783E07 /* Build configuration list for PBXNativeTarget "lunbotuTests" */;
			buildPhases = (
				07C896081ED6754000783E07 /* Sources */,
				07C896091ED6754000783E07 /* Frameworks */,
				07C8960A1ED6754000783E07 /* Resources */,
			);
			buildRules = (
			);
			dependencies = (
				07C8960E1ED6754000783E07 /* PBXTargetDependency */,
				07C8961D1ED6754800783E07 /* PBXTargetDependency */,
			);
			name = lunbotuTests;
			productName = lunbotuTests;
			productReference = 07C8960C1ED6754000783E07 /* lunbotuTests.xctest */;
			productType = "com.apple.product-type.bundle.unit-test";
		};
/* End PBXNativeTarget section */

/* Begin PBXProject section */
		07C895EE1ED6754000783E07 /* Project object */ = {
			isa = PBXProject;
			attributes = {
				LastUpgradeCheck = 0600;
				ORGANIZATIONNAME = eric;
				TargetAttributes = {
					07C895F51ED6754000783E07 = {
						CreatedOnToolsVersion = 6.0;
					};
					07C8960B1ED6754000783E07 = {
						CreatedOnToolsVersion = 6.0;
						TestTargetID = 07C895F51ED6754000783E07;
					};
				};
			};
			buildConfigurationList = 07C895F11ED6754000783E07 /* Build configuration list for PBXProject "lunbotu" */;
			compatibilityVersion = "Xcode 3.2";
			developmentRegion = English;
			hasScannedForEncodings = 0;
			knownRegions = (
				en,
				Base,
			);
			mainGroup = 07C895ED1ED6754000783E07;
			productRefGroup = 07C895F71ED6754000783E07 /* Products */;
			projectDirPath = "";
			projectRoot = "";
			targets = (
				07C895F51ED6754000783E07 /* lunbotu */,
				07C8960B1ED6754000783E07 /* lunbotuTests */,
			);
		};
/* End PBXProject section */

/* Begin PBXResourcesBuildPhase section */
		07C895F41ED6754000783E07 /* Resources */ = {
			isa = PBXResourcesBuildPhase;
			buildActionMask = 2147483647;
			files = (
				07C896051ED6754000783E07 /* Main.storyboard in Resources */,
				07C896071ED6754000783E07 /* Images.xcassets in Resources */,
			);
			runOnlyForDeploymentPostprocessing = 0;
		};
		07C8960A1ED6754000783E07 /* Resources */ = {
			isa = PBXResourcesBuildPhase;
			buildActionMask = 2147483647;
			files = (
			);
			runOnlyForDeploymentPostprocessing = 0;
		};
/* End PBXResourcesBuildPhase section */

/* Begin PBXSourcesBuildPhase section */
		07C895F21ED6754000783E07 /* Sources */ = {
			isa = PBXSourcesBuildPhase;
			buildActionMask = 2147483647;
			files = (
				07C896021ED6754000783E07 /* ViewController.m in Sources */,
				07C895FF1ED6754000783E07 /* AppDelegate.m in Sources */,
				07C895FC1ED6754000783E07 /* main.m in Sources */,
			);
			runOnlyForDeploymentPostprocessing = 0;
		};
		07C896081ED6754000783E07 /* Sources */ = {
			isa = PBXSourcesBuildPhase;
			buildActionMask = 2147483647;
			files = (
				07C896131ED6754000783E07 /* lunbotuTests.m in Sources */,
			);
			runOnlyForDeploymentPostprocessing = 0;
		};
/* End PBXSourcesBuildPhase section */

/* Begin PBXTargetDependency section */
		07C8960E1ED6754000783E07 /* PBXTargetDependency */ = {
			isa = PBXTargetDependency;
			target = 07C895F51ED6754000783E07 /* lunbotu */;
			targetProxy = 07C8960D1ED6754000783E07 /* PBXContainerItemProxy */;
		};
		07C8961D1ED6754800783E07 /* PBXTargetDependency */ = {
			isa = PBXTargetDependency;
			target = 07C895F51ED6754000783E07 /* lunbotu */;
			targetProxy = 07C8961C1ED6754800783E07 /* PBXContainerItemProxy */;
		};
/* End PBXTargetDependency section */

/* Begin PBXVariantGroup section */
		07C896031ED6754000783E07 /* Main.storyboard */ = {
			isa = PBXVariantGroup;
			children = (
				07C896041ED6754000783E07 /* Base */,
			);
			name = Main.storyboard;
			sourceTree = "<group>";
		};
/* End PBXVariantGroup section */

/* Begin XCBuildConfiguration section */
		07C896141ED6754000783E07 /* Debug */ = {
			isa = XCBuildConfiguration;
			buildSettings = {
				ALWAYS_SEARCH_USER_PATHS = NO;
				CLANG_CXX_LANGUAGE_STANDARD = "gnu++0x";
				CLANG_CXX_LIBRARY = "libc++";
				CLANG_ENABLE_MODULES = YES;
				CLANG_ENABLE_OBJC_ARC = YES;
				CLANG_WARN_BOOL_CONVERSION = YES;
				CLANG_WARN_CONSTANT_CONVERSION = YES;
				CLANG_WARN_DIRECT_OBJC_ISA_USAGE = YES_ERROR;
				CLANG_WARN_EMPTY_BODY = YES;
				CLANG_WARN_ENUM_CONVERSION = YES;
				CLANG_WARN_INT_CONVERSION = YES;
				CLANG_WARN_OBJC_ROOT_CLASS = YES_ERROR;
				CLANG_WARN_UNREACHABLE_CODE = YES;
				CLANG_WARN__DUPLICATE_METHOD_MATCH = YES;
				"CODE_SIGN_IDENTITY[sdk=iphoneos*]" = "iPhone Developer";
				COPY_PHASE_STRIP = NO;
				ENABLE_STRICT_OBJC_MSGSEND = YES;
				GCC_C_LANGUAGE_STANDARD = gnu99;
				GCC_DYNAMIC_NO_PIC = NO;
				GCC_OPTIMIZATION_LEVEL = 0;
				GCC_PREPROCESSOR_DEFINITIONS = (
					"DEBUG=1",
					"$(inherited)",
				);
				GCC_SYMBOLS_PRIVATE_EXTERN = NO;
				GCC_WARN_64_TO_32_BIT_CONVERSION = YES;
				GCC_WARN_ABOUT_RETURN_TYPE = YES_ERROR;
				GCC_WARN_UNDECLARED_SELECTOR = YES;
				GCC_WARN_UNINITIALIZED_AUTOS = YES_AGGRESSIVE;
				GCC_WARN_UNUSED_FUNCTION = YES;
				GCC_WARN_UNUSED_VARIABLE = YES;
				IPHONEOS_DEPLOYMENT_TARGET = 8.0;
				METAL_ENABLE_DEBUG_INFO = YES;
				ONLY_ACTIVE_ARCH = YES;
				SDKROOT = iphoneos;
			};
			name = Debug;
		};
		07C896151ED6754000783E07 /* Release */ = {
			isa = XCBuildConfiguration;
			buildSettings = {
				ALWAYS_SEARCH_USER_PATHS = NO;
				CLANG_CXX_LANGUAGE_STANDARD = "gnu++0x";
				CLANG_CXX_LIBRARY = "libc++";
				CLANG_ENABLE_MODULES = YES;
				CLANG_ENABLE_OBJC_ARC = YES;
				CLANG_WARN_BOOL_CONVERSION = YES;
				CLANG_WARN_CONSTANT_CONVERSION = YES;
				CLANG_WARN_DIRECT_OBJC_ISA_USAGE = YES_ERROR;
				CLANG_WARN_EMPTY_BODY = YES;
				CLANG_WARN_ENUM_CONVERSION = YES;
				CLANG_WARN_INT_CONVERSION = YES;
				CLANG_WARN_OBJC_ROOT_CLASS = YES_ERROR;
				CLANG_WARN_UNREACHABLE_CODE = YES;
				CLANG_WARN__DUPLICATE_METHOD_MATCH = YES;
				"CODE_SIGN_IDENTITY[sdk=iphoneos*]" = "iPhone Developer";
				COPY_PHASE_STRIP = YES;
				ENABLE_NS_ASSERTIONS = NO;
				ENABLE_STRICT_OBJC_MSGSEND = YES;
				GCC_C_LANGUAGE_STANDARD = gnu99;
				GCC_WARN_64_TO_32_BIT_CONVERSION = YES;
				GCC_WARN_ABOUT_RETURN_TYPE = YES_ERROR;
				GCC_WARN_UNDECLARED_SELECTOR = YES;
				GCC_WARN_UNINITIALIZED_AUTOS = YES_AGGRESSIVE;
				GCC_WARN_UNUSED_FUNCTION = YES;
				GCC_WARN_UNUSED_VARIABLE = YES;
				IPHONEOS_DEPLOYMENT_TARGET = 8.0;
				METAL_ENABLE_DEBUG_INFO = NO;
				SDKROOT = iphoneos;
				VALIDATE_PRODUCT = YES;
			};
			name = Release;
		};
		07C896171ED6754000783E07 /* Debug */ = {
			isa = XCBuildConfiguration;
			buildSettings = {
				ASSETCATALOG_COMPILER_APPICON_NAME = AppIcon;
				ASSETCATALOG_COMPILER_LAUNCHIMAGE_NAME = LaunchImage;
				INFOPLIST_FILE = lunbotu/Info.plist;
				LD_RUNPATH_SEARCH_PATHS = "$(inherited) @executable_path/Frameworks";
				PRODUCT_NAME = "$(TARGET_NAME)";
			};
			name = Debug;
		};
		07C896181ED6754000783E07 /* Release */ = {
			isa = XCBuildConfiguration;
			buildSettings = {
				ASSETCATALOG_COMPILER_APPICON_NAME = AppIcon;
				ASSETCATALOG_COMPILER_LAUNCHIMAGE_NAME = LaunchImage;
				INFOPLIST_FILE = lunbotu/Info.plist;
				LD_RUNPATH_SEARCH_PATHS = "$(inherited) @executable_path/Frameworks";
				PRODUCT_NAME = "$(TARGET_NAME)";
			};
			name = Release;
		};
		07C8961A1ED6754000783E07 /* Debug */ = {
			isa = XCBuildConfiguration;
			buildSettings = {
				BUNDLE_LOADER = "$(BUILT_PRODUCTS_DIR)/lunbotu.app/lunbotu";
				FRAMEWORK_SEARCH_PATHS = (
					"$(SDKROOT)/Developer/Library/Frameworks",
					"$(inherited)",
				);
				GCC_PREPROCESSOR_DEFINITIONS = (
					"DEBUG=1",
					"$(inherited)",
				);
				INFOPLIST_FILE = lunbotuTests/Info.plist;
				LD_RUNPATH_SEARCH_PATHS = "$(inherited) @executable_path/Frameworks @loader_path/Frameworks";
				METAL_ENABLE_DEBUG_INFO = YES;
				PRODUCT_NAME = "$(TARGET_NAME)";
				TEST_HOST = "$(BUNDLE_LOADER)";
			};
			name = Debug;
		};
		07C8961B1ED6754000783E07 /* Release */ = {
			isa = XCBuildConfiguration;
			buildSettings = {
				BUNDLE_LOADER = "$(BUILT_PRODUCTS_DIR)/lunbotu.app/lunbotu";
				FRAMEWORK_SEARCH_PATHS = (
					"$(SDKROOT)/Developer/Library/Frameworks",
					"$(inherited)",
				);
				INFOPLIST_FILE = lunbotuTests/Info.plist;
				LD_RUNPATH_SEARCH_PATHS = "$(inherited) @executable_path/Frameworks @loader_path/Frameworks";
				METAL_ENABLE_DEBUG_INFO = NO;
				PRODUCT_NAME = "$(TARGET_NAME)";
				TEST_HOST = "$(BUNDLE_LOADER)";
			};
			name = Release;
		};
/* End XCBuildConfiguration section */

/* Begin XCConfigurationList section */
		07C895F11ED6754000783E07 /* Build configuration list for PBXProject "lunbotu" */ = {
			isa = XCConfigurationList;
			buildConfigurations = (
				07C896141ED6754000783E07 /* Debug */,
				07C896151ED6754000783E07 /* Release */,
			);
			defaultConfigurationIsVisible = 0;
			defaultConfigurationName = Release;
		};
		07C896161ED6754000783E07 /* Build configuration list for PBXNativeTarget "lunbotu" */ = {
			isa = XCConfigurationList;
			buildConfigurations = (
				07C896171ED6754000783E07 /* Debug */,
				07C896181ED6754000783E07 /* Release */,
			);
			defaultConfigurationIsVisible = 0;
		};
		07C896191ED6754000783E07 /* Build configuration list for PBXNativeTarget "lunbotuTests" */ = {
			isa = XCConfigurationList;
			buildConfigurations = (
				07C8961A1ED6754000783E07 /* Debug */,
				07C8961B1ED6754000783E07 /* Release */,
			);
			defaultConfigurationIsVisible = 0;
		};
/* End XCConfigurationList section */
	};
	rootObject = 07C895EE1ED6754000783E07 /* Project object */;
}
